
Microsoft Visual Studio Solution File, Format Version 12.00
# Visual Studio Version 17
VisualStudioVersion = 17.10.35027.167
MinimumVisualStudioVersion = 10.0.40219.1
Project("{FAE04EC0-301F-11D3-BF4B-00C04F79EFBC}") = "StudentPortal.Web", "StudentPortal.Web\StudentPortal.Web.csproj", "{CFF16CEF-2322-4EA7-AA48-7792A7F80C2D}"
EndProject
Global
	GlobalSection(SolutionConfigurationPlatforms) = preSolution
		Debug|Any CPU = Debug|Any CPU
		Release|Any CPU = Release|Any CPU
	EndGlobalSection
	GlobalSection(ProjectConfigurationPlatforms) = postSolution
		{CFF16CEF-2322-4EA7-AA48-7792A7F80C2D}.Debug|Any CPU.ActiveCfg = Debug|Any CPU
		{CFF16CEF-2322-4EA7-AA48-7792A7F80C2D}.Debug|Any CPU.Build.0 = Debug|Any CPU
		{CFF16CEF-2322-4EA7-AA48-7792A7F80C2D}.Release|Any CPU.ActiveCfg = Release|Any CPU
		{CFF16CEF-2322-4EA7-AA48-7792A7F80C2D}.Release|Any CPU.Build.0 = Release|Any CPU
	EndGlobalSection
	GlobalSection(SolutionProperties) = preSolution
		HideSolutionNode = FALSE
	EndGlobalSection
	GlobalSection(ExtensibilityGlobals) = postSolution
		SolutionGuid = {E597EC91-793E-4E05-9BCC-87FEE1F7505C}
	EndGlobalSection
EndGlobal
